
Microsoft Visual Studio Solution File, Format Version 12.00
# Visual Studio Version 16
VisualStudioVersion = 16.0.30204.135
MinimumVisualStudioVersion = 10.0.40219.1
Project("{FAE04EC0-301F-11D3-BF4B-00C04F79EFBC}") = "LogicGame", "LogicGame.csproj", "{97783F7D-3726-49F0-AE6B-F00DE061A82E}"
EndProject
Project("{FAE04EC0-301F-11D3-BF4B-00C04F79EFBC}") = "GameLib", "GameLib\GameLib.csproj", "{F10A7205-EB25-4F2A-AEB6-F28BC2D42523}"
EndProject
Project("{2150E333-8FDC-42A3-9474-1A3956D46DE8}") = "Solution Items", "Solution Items", "{FBB04199-3A4D-45B9-9DAE-21BDD418CD49}"
	ProjectSection(SolutionItems) = preProject
		.editorconfig = .editorconfig
	EndProjectSection
EndProject
Global
	GlobalSection(SolutionConfigurationPlatforms) = preSolution
		Debug|Any CPU = Debug|Any CPU
		Release|Any CPU = Release|Any CPU
	EndGlobalSection
	GlobalSection(ProjectConfigurationPlatforms) = postSolution
		{97783F7D-3726-49F0-AE6B-F00DE061A82E}.Debug|Any CPU.ActiveCfg = Debug|Any CPU
		{97783F7D-3726-49F0-AE6B-F00DE061A82E}.Debug|Any CPU.Build.0 = Debug|Any CPU
		{97783F7D-3726-49F0-AE6B-F00DE061A82E}.Release|Any CPU.ActiveCfg = Release|Any CPU
		{97783F7D-3726-49F0-AE6B-F00DE061A82E}.Release|Any CPU.Build.0 = Release|Any CPU
		{F10A7205-EB25-4F2A-AEB6-F28BC2D42523}.Debug|Any CPU.ActiveCfg = Debug|Any CPU
		{F10A7205-EB25-4F2A-AEB6-F28BC2D42523}.Debug|Any CPU.Build.0 = Debug|Any CPU
		{F10A7205-EB25-4F2A-AEB6-F28BC2D42523}.Release|Any CPU.ActiveCfg = Release|Any CPU
		{F10A7205-EB25-4F2A-AEB6-F28BC2D42523}.Release|Any CPU.Build.0 = Release|Any CPU
	EndGlobalSection
	GlobalSection(SolutionProperties) = preSolution
		HideSolutionNode = FALSE
	EndGlobalSection
	GlobalSection(ExtensibilityGlobals) = postSolution
		SolutionGuid = {4D465ECE-D316-4EF0-B9EE-CF1ED1DE92FF}
	EndGlobalSection
EndGlobal
